// !$*UTF8*$!
{
	archiveVersion = 1;
	classes = {
	};
	objectVersion = 48;
	objects = {

/* Begin PBXBuildFile section */
		354B653C1FBA4A7900F17F7C /* Interface.storyboard in Resources */ = {isa = PBXBuildFile; fileRef = 354B653A1FBA4A7900F17F7C /* Interface.storyboard */; };
		354B653E1FBA4A7900F17F7C /* Assets.xcassets in Resources */ = {isa = PBXBuildFile; fileRef = 354B653D1FBA4A7900F17F7C /* Assets.xcassets */; };
		354B65451FBA4A7900F17F7C /* FotosReloj Extension.appex in Embed App Extensions */ = {isa = PBXBuildFile; fileRef = 354B65441FBA4A7900F17F7C /* FotosReloj Extension.appex */; settings = {ATTRIBUTES = (RemoveHeadersOnCopy, ); }; };
		354B654A1FBA4A7900F17F7C /* InterfaceController.swift in Sources */ = {isa = PBXBuildFile; fileRef = 354B65491FBA4A7900F17F7C /* InterfaceController.swift */; };
		354B654C1FBA4A7900F17F7C /* ExtensionDelegate.swift in Sources */ = {isa = PBXBuildFile; fileRef = 354B654B1FBA4A7900F17F7C /* ExtensionDelegate.swift */; };
		354B654E1FBA4A7900F17F7C /* Assets.xcassets in Resources */ = {isa = PBXBuildFile; fileRef = 354B654D1FBA4A7900F17F7C /* Assets.xcassets */; };
		354B65521FBA4A7900F17F7C /* FotosReloj.app in Embed Watch Content */ = {isa = PBXBuildFile; fileRef = 354B65381FBA4A7900F17F7C /* FotosReloj.app */; };
		B3BE92B41FB244B100567D83 /* AppDelegate.swift in Sources */ = {isa = PBXBuildFile; fileRef = B3BE92B31FB244B100567D83 /* AppDelegate.swift */; };
		B3BE92B61FB244B100567D83 /* ViewController.swift in Sources */ = {isa = PBXBuildFile; fileRef = B3BE92B51FB244B100567D83 /* ViewController.swift */; };
		B3BE92B91FB244B100567D83 /* Main.storyboard in Resources */ = {isa = PBXBuildFile; fileRef = B3BE92B71FB244B100567D83 /* Main.storyboard */; };
		B3BE92BB1FB244B100567D83 /* Assets.xcassets in Resources */ = {isa = PBXBuildFile; fileRef = B3BE92BA1FB244B100567D83 /* Assets.xcassets */; };
		B3BE92BE1FB244B100567D83 /* LaunchScreen.storyboard in Resources */ = {isa = PBXBuildFile; fileRef = B3BE92BC1FB244B100567D83 /* LaunchScreen.storyboard */; };
		B3BE92C91FB244B100567D83 /* fotosS4Tests.swift in Sources */ = {isa = PBXBuildFile; fileRef = B3BE92C81FB244B100567D83 /* fotosS4Tests.swift */; };
		B3BE92D41FB244B100567D83 /* fotosS4UITests.swift in Sources */ = {isa = PBXBuildFile; fileRef = B3BE92D31FB244B100567D83 /* fotosS4UITests.swift */; };
/* End PBXBuildFile section */

/* Begin PBXContainerItemProxy section */
		354B65461FBA4A7900F17F7C /* PBXContainerItemProxy */ = {
			isa = PBXContainerItemProxy;
			containerPortal = B3BE92A81FB244B100567D83 /* Project object */;
			proxyType = 1;
			remoteGlobalIDString = 354B65431FBA4A7900F17F7C;
			remoteInfo = "FotosReloj Extension";
		};
		354B65501FBA4A7900F17F7C /* PBXContainerItemProxy */ = {
			isa = PBXContainerItemProxy;
			containerPortal = B3BE92A81FB244B100567D83 /* Project object */;
			proxyType = 1;
			remoteGlobalIDString = 354B65371FBA4A7900F17F7C;
			remoteInfo = FotosReloj;
		};
		B3BE92C51FB244B100567D83 /* PBXContainerItemProxy */ = {
			isa = PBXContainerItemProxy;
			containerPortal = B3BE92A81FB244B100567D83 /* Project object */;
			proxyType = 1;
			remoteGlobalIDString = B3BE92AF1FB244B100567D83;
			remoteInfo = fotosS4;
		};
		B3BE92D01FB244B100567D83 /* PBXContainerItemProxy */ = {
			isa = PBXContainerItemProxy;
			containerPortal = B3BE92A81FB244B100567D83 /* Project object */;
			proxyType = 1;
			remoteGlobalIDString = B3BE92AF1FB244B100567D83;
			remoteInfo = fotosS4;
		};
/* End PBXContainerItemProxy section */

/* Begin PBXCopyFilesBuildPhase section */
		354B65581FBA4A7900F17F7C /* Embed App Extensions */ = {
			isa = PBXCopyFilesBuildPhase;
			buildActionMask = 2147483647;
			dstPath = "";
			dstSubfolderSpec = 13;
			files = (
				354B65451FBA4A7900F17F7C /* FotosReloj Extension.appex in Embed App Extensions */,
			);
			name = "Embed App Extensions";
			runOnlyForDeploymentPostprocessing = 0;
		};
		354B655A1FBA4A7900F17F7C /* Embed Watch Content */ = {
			isa = PBXCopyFilesBuildPhase;
			buildActionMask = 2147483647;
			dstPath = "$(CONTENTS_FOLDER_PATH)/Watch";
			dstSubfolderSpec = 16;
			files = (
				354B65521FBA4A7900F17F7C /* FotosReloj.app in Embed Watch Content */,
			);
			name = "Embed Watch Content";
			runOnlyForDeploymentPostprocessing = 0;
		};
/* End PBXCopyFilesBuildPhase section */

/* Begin PBXFileReference section */
		354B65381FBA4A7900F17F7C /* FotosReloj.app */ = {isa = PBXFileReference; explicitFileType = wrapper.application; includeInIndex = 0; path = FotosReloj.app; sourceTree = BUILT_PRODUCTS_DIR; };
		354B653B1FBA4A7900F17F7C /* Base */ = {isa = PBXFileReference; lastKnownFileType = file.storyboard; name = Base; path = Base.lproj/Interface.storyboard; sourceTree = "<group>"; };
		354B653D1FBA4A7900F17F7C /* Assets.xcassets */ = {isa = PBXFileReference; lastKnownFileType = folder.assetcatalog; path = Assets.xcassets; sourceTree = "<group>"; };
		354B653F1FBA4A7900F17F7C /* Info.plist */ = {isa = PBXFileReference; lastKnownFileType = text.plist.xml; path = Info.plist; sourceTree = "<group>"; };
		354B65441FBA4A7900F17F7C /* FotosReloj Extension.appex */ = {isa = PBXFileReference; explicitFileType = "wrapper.app-extension"; includeInIndex = 0; path = "FotosReloj Extension.appex"; sourceTree = BUILT_PRODUCTS_DIR; };
		354B65491FBA4A7900F17F7C /* InterfaceController.swift */ = {isa = PBXFileReference; lastKnownFileType = sourcecode.swift; path = InterfaceController.swift; sourceTree = "<group>"; };
		354B654B1FBA4A7900F17F7C /* ExtensionDelegate.swift */ = {isa = PBXFileReference; lastKnownFileType = sourcecode.swift; path = ExtensionDelegate.swift; sourceTree = "<group>"; };
		354B654D1FBA4A7900F17F7C /* Assets.xcassets */ = {isa = PBXFileReference; lastKnownFileType = folder.assetcatalog; path = Assets.xcassets; sourceTree = "<group>"; };
		354B654F1FBA4A7900F17F7C /* Info.plist */ = {isa = PBXFileReference; lastKnownFileType = text.plist.xml; path = Info.plist; sourceTree = "<group>"; };
		B3BE92B01FB244B100567D83 /* fotosS4.app */ = {isa = PBXFileReference; explicitFileType = wrapper.application; includeInIndex = 0; path = fotosS4.app; sourceTree = BUILT_PRODUCTS_DIR; };
		B3BE92B31FB244B100567D83 /* AppDelegate.swift */ = {isa = PBXFileReference; lastKnownFileType = sourcecode.swift; path = AppDelegate.swift; sourceTree = "<group>"; };
		B3BE92B51FB244B100567D83 /* ViewController.swift */ = {isa = PBXFileReference; lastKnownFileType = sourcecode.swift; path = ViewController.swift; sourceTree = "<group>"; };
		B3BE92B81FB244B100567D83 /* Base */ = {isa = PBXFileReference; lastKnownFileType = file.storyboard; name = Base; path = Base.lproj/Main.storyboard; sourceTree = "<group>"; };
		B3BE92BA1FB244B100567D83 /* Assets.xcassets */ = {isa = PBXFileReference; lastKnownFileType = folder.assetcatalog; path = Assets.xcassets; sourceTree = "<group>"; };
		B3BE92BD1FB244B100567D83 /* Base */ = {isa = PBXFileReference; lastKnownFileType = file.storyboard; name = Base; path = Base.lproj/LaunchScreen.storyboard; sourceTree = "<group>"; };
		B3BE92BF1FB244B100567D83 /* Info.plist */ = {isa = PBXFileReference; lastKnownFileType = text.plist.xml; path = Info.plist; sourceTree = "<group>"; };
		B3BE92C41FB244B100567D83 /* fotosS4Tests.xctest */ = {isa = PBXFileReference; explicitFileType = wrapper.cfbundle; includeInIndex = 0; path = fotosS4Tests.xctest; sourceTree = BUILT_PRODUCTS_DIR; };
		B3BE92C81FB244B100567D83 /* fotosS4Tests.swift */ = {isa = PBXFileReference; lastKnownFileType = sourcecode.swift; path = fotosS4Tests.swift; sourceTree = "<group>"; };
		B3BE92CA1FB244B100567D83 /* Info.plist */ = {isa = PBXFileReference; lastKnownFileType = text.plist.xml; path = Info.plist; sourceTree = "<group>"; };
		B3BE92CF1FB244B100567D83 /* fotosS4UITests.xctest */ = {isa = PBXFileReference; explicitFileType = wrapper.cfbundle; includeInIndex = 0; path = fotosS4UITests.xctest; sourceTree = BUILT_PRODUCTS_DIR; };
		B3BE92D31FB244B100567D83 /* fotosS4UITests.swift */ = {isa = PBXFileReference; lastKnownFileType = sourcecode.swift; path = fotosS4UITests.swift; sourceTree = "<group>"; };
		B3BE92D51FB244B100567D83 /* Info.plist */ = {isa = PBXFileReference; lastKnownFileType = text.plist.xml; path = Info.plist; sourceTree = "<group>"; };
/* End PBXFileReference section */

/* Begin PBXFrameworksBuildPhase section */
		354B65411FBA4A7900F17F7C /* Frameworks */ = {
			isa = PBXFrameworksBuildPhase;
			buildActionMask = 2147483647;
			files = (
			);
			runOnlyForDeploymentPostprocessing = 0;
		};
		B3BE92AD1FB244B100567D83 /* Frameworks */ = {
			isa = PBXFrameworksBuildPhase;
			buildActionMask = 2147483647;
			files = (
			);
			runOnlyForDeploymentPostprocessing = 0;
		};
		B3BE92C11FB244B100567D83 /* Frameworks */ = {
			isa = PBXFrameworksBuildPhase;
			buildActionMask = 2147483647;
			files = (
			);
			runOnlyForDeploymentPostprocessing = 0;
		};
		B3BE92CC1FB244B100567D83 /* Frameworks */ = {
			isa = PBXFrameworksBuildPhase;
			buildActionMask = 2147483647;
			files = (
			);
			runOnlyForDeploymentPostprocessing = 0;
		};
/* End PBXFrameworksBuildPhase section */

/* Begin PBXGroup section */
		354B65391FBA4A7900F17F7C /* FotosReloj */ = {
			isa = PBXGroup;
			children = (
				354B653A1FBA4A7900F17F7C /* Interface.storyboard */,
				354B653D1FBA4A7900F17F7C /* Assets.xcassets */,
				354B653F1FBA4A7900F17F7C /* Info.plist */,
			);
			path = FotosReloj;
			sourceTree = "<group>";
		};
		354B65481FBA4A7900F17F7C /* FotosReloj Extension */ = {
			isa = PBXGroup;
			children = (
				354B65491FBA4A7900F17F7C /* InterfaceController.swift */,
				354B654B1FBA4A7900F17F7C /* ExtensionDelegate.swift */,
				354B654D1FBA4A7900F17F7C /* Assets.xcassets */,
				354B654F1FBA4A7900F17F7C /* Info.plist */,
			);
			path = "FotosReloj Extension";
			sourceTree = "<group>";
		};
		B3BE92A71FB244B100567D83 = {
			isa = PBXGroup;
			children = (
				B3BE92B21FB244B100567D83 /* fotosS4 */,
				B3BE92C71FB244B100567D83 /* fotosS4Tests */,
				B3BE92D21FB244B100567D83 /* fotosS4UITests */,
				354B65391FBA4A7900F17F7C /* FotosReloj */,
				354B65481FBA4A7900F17F7C /* FotosReloj Extension */,
				B3BE92B11FB244B100567D83 /* Products */,
			);
			sourceTree = "<group>";
		};
		B3BE92B11FB244B100567D83 /* Products */ = {
			isa = PBXGroup;
			children = (
				B3BE92B01FB244B100567D83 /* fotosS4.app */,
				B3BE92C41FB244B100567D83 /* fotosS4Tests.xctest */,
				B3BE92CF1FB244B100567D83 /* fotosS4UITests.xctest */,
				354B65381FBA4A7900F17F7C /* FotosReloj.app */,
				354B65441FBA4A7900F17F7C /* FotosReloj Extension.appex */,
			);
			name = Products;
			sourceTree = "<group>";
		};
		B3BE92B21FB244B100567D83 /* fotosS4 */ = {
			isa = PBXGroup;
			children = (
				B3BE92B31FB244B100567D83 /* AppDelegate.swift */,
				B3BE92B51FB244B100567D83 /* ViewController.swift */,
				B3BE92B71FB244B100567D83 /* Main.storyboard */,
				B3BE92BA1FB244B100567D83 /* Assets.xcassets */,
				B3BE92BC1FB244B100567D83 /* LaunchScreen.storyboard */,
				B3BE92BF1FB244B100567D83 /* Info.plist */,
			);
			path = fotosS4;
			sourceTree = "<group>";
		};
		B3BE92C71FB244B100567D83 /* fotosS4Tests */ = {
			isa = PBXGroup;
			children = (
				B3BE92C81FB244B100567D83 /* fotosS4Tests.swift */,
				B3BE92CA1FB244B100567D83 /* Info.plist */,
			);
			path = fotosS4Tests;
			sourceTree = "<group>";
		};
		B3BE92D21FB244B100567D83 /* fotosS4UITests */ = {
			isa = PBXGroup;
			children = (
				B3BE92D31FB244B100567D83 /* fotosS4UITests.swift */,
				B3BE92D51FB244B100567D83 /* Info.plist */,
			);
			path = fotosS4UITests;
			sourceTree = "<group>";
		};
/* End PBXGroup section */

/* Begin PBXNativeTarget section */
		354B65371FBA4A7900F17F7C /* FotosReloj */ = {
			isa = PBXNativeTarget;
			buildConfigurationList = 354B65591FBA4A7900F17F7C /* Build configuration list for PBXNativeTarget "FotosReloj" */;
			buildPhases = (
				354B65361FBA4A7900F17F7C /* Resources */,
				354B65581FBA4A7900F17F7C /* Embed App Extensions */,
			);
			buildRules = (
			);
			dependencies = (
				354B65471FBA4A7900F17F7C /* PBXTargetDependency */,
			);
			name = FotosReloj;
			productName = FotosReloj;
			productReference = 354B65381FBA4A7900F17F7C /* FotosReloj.app */;
			productType = "com.apple.product-type.application.watchapp2";
		};
		354B65431FBA4A7900F17F7C /* FotosReloj Extension */ = {
			isa = PBXNativeTarget;
			buildConfigurationList = 354B65571FBA4A7900F17F7C /* Build configuration list for PBXNativeTarget "FotosReloj Extension" */;
			buildPhases = (
				354B65401FBA4A7900F17F7C /* Sources */,
				354B65411FBA4A7900F17F7C /* Frameworks */,
				354B65421FBA4A7900F17F7C /* Resources */,
			);
			buildRules = (
			);
			dependencies = (
			);
			name = "FotosReloj Extension";
			productName = "FotosReloj Extension";
			productReference = 354B65441FBA4A7900F17F7C /* FotosReloj Extension.appex */;
			productType = "com.apple.product-type.watchkit2-extension";
		};
		B3BE92AF1FB244B100567D83 /* fotosS4 */ = {
			isa = PBXNativeTarget;
			buildConfigurationList = B3BE92D81FB244B100567D83 /* Build configuration list for PBXNativeTarget "fotosS4" */;
			buildPhases = (
				B3BE92AC1FB244B100567D83 /* Sources */,
				B3BE92AD1FB244B100567D83 /* Frameworks */,
				B3BE92AE1FB244B100567D83 /* Resources */,
				354B655A1FBA4A7900F17F7C /* Embed Watch Content */,
			);
			buildRules = (
			);
			dependencies = (
				354B65511FBA4A7900F17F7C /* PBXTargetDependency */,
			);
			name = fotosS4;
			productName = fotosS4;
			productReference = B3BE92B01FB244B100567D83 /* fotosS4.app */;
			productType = "com.apple.product-type.application";
		};
		B3BE92C31FB244B100567D83 /* fotosS4Tests */ = {
			isa = PBXNativeTarget;
			buildConfigurationList = B3BE92DB1FB244B100567D83 /* Build configuration list for PBXNativeTarget "fotosS4Tests" */;
			buildPhases = (
				B3BE92C01FB244B100567D83 /* Sources */,
				B3BE92C11FB244B100567D83 /* Frameworks */,
				B3BE92C21FB244B100567D83 /* Resources */,
			);
			buildRules = (
			);
			dependencies = (
				B3BE92C61FB244B100567D83 /* PBXTargetDependency */,
			);
			name = fotosS4Tests;
			productName = fotosS4Tests;
			productReference = B3BE92C41FB244B100567D83 /* fotosS4Tests.xctest */;
			productType = "com.apple.product-type.bundle.unit-test";
		};
		B3BE92CE1FB244B100567D83 /* fotosS4UITests */ = {
			isa = PBXNativeTarget;
			buildConfigurationList = B3BE92DE1FB244B100567D83 /* Build configuration list for PBXNativeTarget "fotosS4UITests" */;
			buildPhases = (
				B3BE92CB1FB244B100567D83 /* Sources */,
				B3BE92CC1FB244B100567D83 /* Frameworks */,
				B3BE92CD1FB244B100567D83 /* Resources */,
			);
			buildRules = (
			);
			dependencies = (
				B3BE92D11FB244B100567D83 /* PBXTargetDependency */,
			);
			name = fotosS4UITests;
			productName = fotosS4UITests;
			productReference = B3BE92CF1FB244B100567D83 /* fotosS4UITests.xctest */;
			productType = "com.apple.product-type.bundle.ui-testing";
		};
/* End PBXNativeTarget section */

/* Begin PBXProject section */
		B3BE92A81FB244B100567D83 /* Project object */ = {
			isa = PBXProject;
			attributes = {
				LastSwiftUpdateCheck = 0900;
				LastUpgradeCheck = 0910;
				ORGANIZATIONNAME = "Tecnologico de Monterrey";
				TargetAttributes = {
					354B65371FBA4A7900F17F7C = {
						CreatedOnToolsVersion = 9.0;
						ProvisioningStyle = Automatic;
					};
					354B65431FBA4A7900F17F7C = {
						CreatedOnToolsVersion = 9.0;
						ProvisioningStyle = Automatic;
					};
					B3BE92AF1FB244B100567D83 = {
						CreatedOnToolsVersion = 9.1;
						ProvisioningStyle = Automatic;
					};
					B3BE92C31FB244B100567D83 = {
						CreatedOnToolsVersion = 9.1;
						ProvisioningStyle = Automatic;
						TestTargetID = B3BE92AF1FB244B100567D83;
					};
					B3BE92CE1FB244B100567D83 = {
						CreatedOnToolsVersion = 9.1;
						ProvisioningStyle = Automatic;
						TestTargetID = B3BE92AF1FB244B100567D83;
					};
				};
			};
			buildConfigurationList = B3BE92AB1FB244B100567D83 /* Build configuration list for PBXProject "fotosS4" */;
			compatibilityVersion = "Xcode 8.0";
			developmentRegion = en;
			hasScannedForEncodings = 0;
			knownRegions = (
				en,
				Base,
			);
			mainGroup = B3BE92A71FB244B100567D83;
			productRefGroup = B3BE92B11FB244B100567D83 /* Products */;
			projectDirPath = "";
			projectRoot = "";
			targets = (
				B3BE92AF1FB244B100567D83 /* fotosS4 */,
				B3BE92C31FB244B100567D83 /* fotosS4Tests */,
				B3BE92CE1FB244B100567D83 /* fotosS4UITests */,
				354B65371FBA4A7900F17F7C /* FotosReloj */,
				354B65431FBA4A7900F17F7C /* FotosReloj Extension */,
			);
		};
/* End PBXProject section */

/* Begin PBXResourcesBuildPhase section */
		354B65361FBA4A7900F17F7C /* Resources */ = {
			isa = PBXResourcesBuildPhase;
			buildActionMask = 2147483647;
			files = (
				354B653E1FBA4A7900F17F7C /* Assets.xcassets in Resources */,
				354B653C1FBA4A7900F17F7C /* Interface.storyboard in Resources */,
			);
			runOnlyForDeploymentPostprocessing = 0;
		};
		354B65421FBA4A7900F17F7C /* Resources */ = {
			isa = PBXResourcesBuildPhase;
			buildActionMask = 2147483647;
			files = (
				354B654E1FBA4A7900F17F7C /* Assets.xcassets in Resources */,
			);
			runOnlyForDeploymentPostprocessing = 0;
		};
		B3BE92AE1FB244B100567D83 /* Resources */ = {
			isa = PBXResourcesBuildPhase;
			buildActionMask = 2147483647;
			files = (
				B3BE92BE1FB244B100567D83 /* LaunchScreen.storyboard in Resources */,
				B3BE92BB1FB244B100567D83 /* Assets.xcassets in Resources */,
				B3BE92B91FB244B100567D83 /* Main.storyboard in Resources */,
			);
			runOnlyForDeploymentPostprocessing = 0;
		};
		B3BE92C21FB244B100567D83 /* Resources */ = {
			isa = PBXResourcesBuildPhase;
			buildActionMask = 2147483647;
			files = (
			);
			runOnlyForDeploymentPostprocessing = 0;
		};
		B3BE92CD1FB244B100567D83 /* Resources */ = {
			isa = PBXResourcesBuildPhase;
			buildActionMask = 2147483647;
			files = (
			);
			runOnlyForDeploymentPostprocessing = 0;
		};
/* End PBXResourcesBuildPhase section */

/* Begin PBXSourcesBuildPhase section */
		354B65401FBA4A7900F17F7C /* Sources */ = {
			isa = PBXSourcesBuildPhase;
			buildActionMask = 2147483647;
			files = (
				354B654C1FBA4A7900F17F7C /* ExtensionDelegate.swift in Sources */,
				354B654A1FBA4A7900F17F7C /* InterfaceController.swift in Sources */,
			);
			runOnlyForDeploymentPostprocessing = 0;
		};
		B3BE92AC1FB244B100567D83 /* Sources */ = {
			isa = PBXSourcesBuildPhase;
			buildActionMask = 2147483647;
			files = (
				B3BE92B61FB244B100567D83 /* ViewController.swift in Sources */,
				B3BE92B41FB244B100567D83 /* AppDelegate.swift in Sources */,
			);
			runOnlyForDeploymentPostprocessing = 0;
		};
		B3BE92C01FB244B100567D83 /* Sources */ = {
			isa = PBXSourcesBuildPhase;
			buildActionMask = 2147483647;
			files = (
				B3BE92C91FB244B100567D83 /* fotosS4Tests.swift in Sources */,
			);
			runOnlyForDeploymentPostprocessing = 0;
		};
		B3BE92CB1FB244B100567D83 /* Sources */ = {
			isa = PBXSourcesBuildPhase;
			buildActionMask = 2147483647;
			files = (
				B3BE92D41FB244B100567D83 /* fotosS4UITests.swift in Sources */,
			);
			runOnlyForDeploymentPostprocessing = 0;
		};
/* End PBXSourcesBuildPhase section */

/* Begin PBXTargetDependency section */
		354B65471FBA4A7900F17F7C /* PBXTargetDependency */ = {
			isa = PBXTargetDependency;
			target = 354B65431FBA4A7900F17F7C /* FotosReloj Extension */;
			targetProxy = 354B65461FBA4A7900F17F7C /* PBXContainerItemProxy */;
		};
		354B65511FBA4A7900F17F7C /* PBXTargetDependency */ = {
			isa = PBXTargetDependency;
			target = 354B65371FBA4A7900F17F7C /* FotosReloj */;
			targetProxy = 354B65501FBA4A7900F17F7C /* PBXContainerItemProxy */;
		};
		B3BE92C61FB244B100567D83 /* PBXTargetDependency */ = {
			isa = PBXTargetDependency;
			target = B3BE92AF1FB244B100567D83 /* fotosS4 */;
			targetProxy = B3BE92C51FB244B100567D83 /* PBXContainerItemProxy */;
		};
		B3BE92D11FB244B100567D83 /* PBXTargetDependency */ = {
			isa = PBXTargetDependency;
			target = B3BE92AF1FB244B100567D83 /* fotosS4 */;
			targetProxy = B3BE92D01FB244B100567D83 /* PBXContainerItemProxy */;
		};
/* End PBXTargetDependency section */

/* Begin PBXVariantGroup section */
		354B653A1FBA4A7900F17F7C /* Interface.storyboard */ = {
			isa = PBXVariantGroup;
			children = (
				354B653B1FBA4A7900F17F7C /* Base */,
			);
			name = Interface.storyboard;
			sourceTree = "<group>";
		};
		B3BE92B71FB244B100567D83 /* Main.storyboard */ = {
			isa = PBXVariantGroup;
			children = (
				B3BE92B81FB244B100567D83 /* Base */,
			);
			name = Main.storyboard;
			sourceTree = "<group>";
		};
		B3BE92BC1FB244B100567D83 /* LaunchScreen.storyboard */ = {
			isa = PBXVariantGroup;
			children = (
				B3BE92BD1FB244B100567D83 /* Base */,
			);
			name = LaunchScreen.storyboard;
			sourceTree = "<group>";
		};
/* End PBXVariantGroup section */

/* Begin XCBuildConfiguration section */
		354B65531FBA4A7900F17F7C /* Debug */ = {
			isa = XCBuildConfiguration;
			buildSettings = {
				ALWAYS_EMBED_SWIFT_STANDARD_LIBRARIES = YES;
				ASSETCATALOG_COMPILER_APPICON_NAME = AppIcon;
				CODE_SIGN_STYLE = Automatic;
				DEVELOPMENT_TEAM = DAFU744LYN;
				IBSC_MODULE = FotosReloj_Extension;
				INFOPLIST_FILE = FotosReloj/Info.plist;
				PRODUCT_BUNDLE_IDENTIFIER = Tec.fotosS4.watchkitapp;
				PRODUCT_NAME = "$(TARGET_NAME)";
				SDKROOT = watchos;
				SKIP_INSTALL = YES;
				SWIFT_VERSION = 4.0;
				TARGETED_DEVICE_FAMILY = 4;
				WATCHOS_DEPLOYMENT_TARGET = 4.0;
			};
			name = Debug;
		};
		354B65541FBA4A7900F17F7C /* Release */ = {
			isa = XCBuildConfiguration;
			buildSettings = {
				ALWAYS_EMBED_SWIFT_STANDARD_LIBRARIES = YES;
				ASSETCATALOG_COMPILER_APPICON_NAME = AppIcon;
				CODE_SIGN_STYLE = Automatic;
				DEVELOPMENT_TEAM = DAFU744LYN;
				IBSC_MODULE = FotosReloj_Extension;
				INFOPLIST_FILE = FotosReloj/Info.plist;
				PRODUCT_BUNDLE_IDENTIFIER = Tec.fotosS4.watchkitapp;
				PRODUCT_NAME = "$(TARGET_NAME)";
				SDKROOT = watchos;
				SKIP_INSTALL = YES;
				SWIFT_VERSION = 4.0;
				TARGETED_DEVICE_FAMILY = 4;
				WATCHOS_DEPLOYMENT_TARGET = 4.0;
			};
			name = Release;
		};
		354B65551FBA4A7900F17F7C /* Debug */ = {
			isa = XCBuildConfiguration;
			buildSettings = {
				ASSETCATALOG_COMPILER_COMPLICATION_NAME = Complication;
				CODE_SIGN_STYLE = Automatic;
				DEVELOPMENT_TEAM = DAFU744LYN;
				INFOPLIST_FILE = "FotosReloj Extension/Info.plist";
				LD_RUNPATH_SEARCH_PATHS = "$(inherited) @executable_path/Frameworks @executable_path/../../Frameworks";
				PRODUCT_BUNDLE_IDENTIFIER = Tec.fotosS4.watchkitapp.watchkitextension;
				PRODUCT_NAME = "${TARGET_NAME}";
				SDKROOT = watchos;
				SKIP_INSTALL = YES;
				SWIFT_VERSION = 4.0;
				TARGETED_DEVICE_FAMILY = 4;
				WATCHOS_DEPLOYMENT_TARGET = 4.0;
			};
			name = Debug;
		};
		354B65561FBA4A7900F17F7C /* Release */ = {
			isa = XCBuildConfiguration;
			buildSettings = {
				ASSETCATALOG_COMPILER_COMPLICATION_NAME = Complication;
				CODE_SIGN_STYLE = Automatic;
				DEVELOPMENT_TEAM = DAFU744LYN;
				INFOPLIST_FILE = "FotosReloj Extension/Info.plist";
				LD_RUNPATH_SEARCH_PATHS = "$(inherited) @executable_path/Frameworks @executable_path/../../Frameworks";
				PRODUCT_BUNDLE_IDENTIFIER = Tec.fotosS4.watchkitapp.watchkitextension;
				PRODUCT_NAME = "${TARGET_NAME}";
				SDKROOT = watchos;
				SKIP_INSTALL = YES;
				SWIFT_VERSION = 4.0;
				TARGETED_DEVICE_FAMILY = 4;
				WATCHOS_DEPLOYMENT_TARGET = 4.0;
			};
			name = Release;
		};
		B3BE92D61FB244B100567D83 /* Debug */ = {
			isa = XCBuildConfiguration;
			buildSettings = {
				ALWAYS_SEARCH_USER_PATHS = NO;
				CLANG_ANALYZER_NONNULL = YES;
				CLANG_ANALYZER_NUMBER_OBJECT_CONVERSION = YES_AGGRESSIVE;
				CLANG_CXX_LANGUAGE_STANDARD = "gnu++14";
				CLANG_CXX_LIBRARY = "libc++";
				CLANG_ENABLE_MODULES = YES;
				CLANG_ENABLE_OBJC_ARC = YES;
				CLANG_WARN_BLOCK_CAPTURE_AUTORELEASING = YES;
				CLANG_WARN_BOOL_CONVERSION = YES;
				CLANG_WARN_COMMA = YES;
				CLANG_WARN_CONSTANT_CONVERSION = YES;
				CLANG_WARN_DIRECT_OBJC_ISA_USAGE = YES_ERROR;
				CLANG_WARN_DOCUMENTATION_COMMENTS = YES;
				CLANG_WARN_EMPTY_BODY = YES;
				CLANG_WARN_ENUM_CONVERSION = YES;
				CLANG_WARN_INFINITE_RECURSION = YES;
				CLANG_WARN_INT_CONVERSION = YES;
				CLANG_WARN_NON_LITERAL_NULL_CONVERSION = YES;
				CLANG_WARN_OBJC_LITERAL_CONVERSION = YES;
				CLANG_WARN_OBJC_ROOT_CLASS = YES_ERROR;
				CLANG_WARN_RANGE_LOOP_ANALYSIS = YES;
				CLANG_WARN_STRICT_PROTOTYPES = YES;
				CLANG_WARN_SUSPICIOUS_MOVE = YES;
				CLANG_WARN_UNGUARDED_AVAILABILITY = YES_AGGRESSIVE;
				CLANG_WARN_UNREACHABLE_CODE = YES;
				CLANG_WARN__DUPLICATE_METHOD_MATCH = YES;
				CODE_SIGN_IDENTITY = "iPhone Developer";
				COPY_PHASE_STRIP = NO;
				DEBUG_INFORMATION_FORMAT = dwarf;
				ENABLE_STRICT_OBJC_MSGSEND = YES;
				ENABLE_TESTABILITY = YES;
				GCC_C_LANGUAGE_STANDARD = gnu11;
				GCC_DYNAMIC_NO_PIC = NO;
				GCC_NO_COMMON_BLOCKS = YES;
				GCC_OPTIMIZATION_LEVEL = 0;
				GCC_PREPROCESSOR_DEFINITIONS = (
					"DEBUG=1",
					"$(inherited)",
				);
				GCC_WARN_64_TO_32_BIT_CONVERSION = YES;
				GCC_WARN_ABOUT_RETURN_TYPE = YES_ERROR;
				GCC_WARN_UNDECLARED_SELECTOR = YES;
				GCC_WARN_UNINITIALIZED_AUTOS = YES_AGGRESSIVE;
				GCC_WARN_UNUSED_FUNCTION = YES;
				GCC_WARN_UNUSED_VARIABLE = YES;
				IPHONEOS_DEPLOYMENT_TARGET = 11.1;
				MTL_ENABLE_DEBUG_INFO = YES;
				ONLY_ACTIVE_ARCH = YES;
				SDKROOT = iphoneos;
				SWIFT_ACTIVE_COMPILATION_CONDITIONS = DEBUG;
				SWIFT_OPTIMIZATION_LEVEL = "-Onone";
			};
			name = Debug;
		};
		B3BE92D71FB244B100567D83 /* Release */ = {
			isa = XCBuildConfiguration;
			buildSettings = {
				ALWAYS_SEARCH_USER_PATHS = NO;
				CLANG_ANALYZER_NONNULL = YES;
				CLANG_ANALYZER_NUMBER_OBJECT_CONVERSION = YES_AGGRESSIVE;
				CLANG_CXX_LANGUAGE_STANDARD = "gnu++14";
				CLANG_CXX_LIBRARY = "libc++";
				CLANG_ENABLE_MODULES = YES;
				CLANG_ENABLE_OBJC_ARC = YES;
				CLANG_WARN_BLOCK_CAPTURE_AUTORELEASING = YES;
				CLANG_WARN_BOOL_CONVERSION = YES;
				CLANG_WARN_COMMA = YES;
				CLANG_WARN_CONSTANT_CONVERSION = YES;
				CLANG_WARN_DIRECT_OBJC_ISA_USAGE = YES_ERROR;
				CLANG_WARN_DOCUMENTATION_COMMENTS = YES;
				CLANG_WARN_EMPTY_BODY = YES;
				CLANG_WARN_ENUM_CONVERSION = YES;
				CLANG_WARN_INFINITE_RECURSION = YES;
				CLANG_WARN_INT_CONVERSION = YES;
				CLANG_WARN_NON_LITERAL_NULL_CONVERSION = YES;
				CLANG_WARN_OBJC_LITERAL_CONVERSION = YES;
				CLANG_WARN_OBJC_ROOT_CLASS = YES_ERROR;
				CLANG_WARN_RANGE_LOOP_ANALYSIS = YES;
				CLANG_WARN_STRICT_PROTOTYPES = YES;
				CLANG_WARN_SUSPICIOUS_MOVE = YES;
				CLANG_WARN_UNGUARDED_AVAILABILITY = YES_AGGRESSIVE;
				CLANG_WARN_UNREACHABLE_CODE = YES;
				CLANG_WARN__DUPLICATE_METHOD_MATCH = YES;
				CODE_SIGN_IDENTITY = "iPhone Developer";
				COPY_PHASE_STRIP = NO;
				DEBUG_INFORMATION_FORMAT = "dwarf-with-dsym";
				ENABLE_NS_ASSERTIONS = NO;
				ENABLE_STRICT_OBJC_MSGSEND = YES;
				GCC_C_LANGUAGE_STANDARD = gnu11;
				GCC_NO_COMMON_BLOCKS = YES;
				GCC_WARN_64_TO_32_BIT_CONVERSION = YES;
				GCC_WARN_ABOUT_RETURN_TYPE = YES_ERROR;
				GCC_WARN_UNDECLARED_SELECTOR = YES;
				GCC_WARN_UNINITIALIZED_AUTOS = YES_AGGRESSIVE;
				GCC_WARN_UNUSED_FUNCTION = YES;
				GCC_WARN_UNUSED_VARIABLE = YES;
				IPHONEOS_DEPLOYMENT_TARGET = 11.1;
				MTL_ENABLE_DEBUG_INFO = NO;
				SDKROOT = iphoneos;
				SWIFT_OPTIMIZATION_LEVEL = "-Owholemodule";
				VALIDATE_PRODUCT = YES;
			};
			name = Release;
		};
		B3BE92D91FB244B100567D83 /* Debug */ = {
			isa = XCBuildConfiguration;
			buildSettings = {
				ASSETCATALOG_COMPILER_APPICON_NAME = AppIcon;
				CODE_SIGN_STYLE = Automatic;
				DEVELOPMENT_TEAM = DAFU744LYN;
				INFOPLIST_FILE = fotosS4/Info.plist;
				IPHONEOS_DEPLOYMENT_TARGET = 11.2;
				LD_RUNPATH_SEARCH_PATHS = "$(inherited) @executable_path/Frameworks";
				PRODUCT_BUNDLE_IDENTIFIER = Tec.fotosS4;
				PRODUCT_NAME = "$(TARGET_NAME)";
				SWIFT_VERSION = 4.0;
				TARGETED_DEVICE_FAMILY = "1,2";
			};
			name = Debug;
		};
		B3BE92DA1FB244B100567D83 /* Release */ = {
			isa = XCBuildConfiguration;
			buildSettings = {
				ASSETCATALOG_COMPILER_APPICON_NAME = AppIcon;
				CODE_SIGN_STYLE = Automatic;
				DEVELOPMENT_TEAM = DAFU744LYN;
				INFOPLIST_FILE = fotosS4/Info.plist;
				IPHONEOS_DEPLOYMENT_TARGET = 11.2;
				LD_RUNPATH_SEARCH_PATHS = "$(inherited) @executable_path/Frameworks";
				PRODUCT_BUNDLE_IDENTIFIER = Tec.fotosS4;
				PRODUCT_NAME = "$(TARGET_NAME)";
				SWIFT_VERSION = 4.0;
				TARGETED_DEVICE_FAMILY = "1,2";
			};
			name = Release;
		};
		B3BE92DC1FB244B100567D83 /* Debug */ = {
			isa = XCBuildConfiguration;
			buildSettings = {
				ALWAYS_EMBED_SWIFT_STANDARD_LIBRARIES = YES;
				BUNDLE_LOADER = "$(TEST_HOST)";
				CODE_SIGN_STYLE = Automatic;
				DEVELOPMENT_TEAM = DAFU744LYN;
				INFOPLIST_FILE = fotosS4Tests/Info.plist;
				LD_RUNPATH_SEARCH_PATHS = "$(inherited) @executable_path/Frameworks @loader_path/Frameworks";
				PRODUCT_BUNDLE_IDENTIFIER = Tec.fotosS4Tests;
				PRODUCT_NAME = "$(TARGET_NAME)";
				SWIFT_VERSION = 4.0;
				TARGETED_DEVICE_FAMILY = "1,2";
				TEST_HOST = "$(BUILT_PRODUCTS_DIR)/fotosS4.app/fotosS4";
			};
			name = Debug;
		};
		B3BE92DD1FB244B100567D83 /* Release */ = {
			isa = XCBuildConfiguration;
			buildSettings = {
				ALWAYS_EMBED_SWIFT_STANDARD_LIBRARIES = YES;
				BUNDLE_LOADER = "$(TEST_HOST)";
				CODE_SIGN_STYLE = Automatic;
				DEVELOPMENT_TEAM = DAFU744LYN;
				INFOPLIST_FILE = fotosS4Tests/Info.plist;
				LD_RUNPATH_SEARCH_PATHS = "$(inherited) @executable_path/Frameworks @loader_path/Frameworks";
				PRODUCT_BUNDLE_IDENTIFIER = Tec.fotosS4Tests;
				PRODUCT_NAME = "$(TARGET_NAME)";
				SWIFT_VERSION = 4.0;
				TARGETED_DEVICE_FAMILY = "1,2";
				TEST_HOST = "$(BUILT_PRODUCTS_DIR)/fotosS4.app/fotosS4";
			};
			name = Release;
		};
		B3BE92DF1FB244B100567D83 /* Debug */ = {
			isa = XCBuildConfiguration;
			buildSettings = {
				ALWAYS_EMBED_SWIFT_STANDARD_LIBRARIES = YES;
				CODE_SIGN_STYLE = Automatic;
				DEVELOPMENT_TEAM = DAFU744LYN;
				INFOPLIST_FILE = fotosS4UITests/Info.plist;
				LD_RUNPATH_SEARCH_PATHS = "$(inherited) @executable_path/Frameworks @loader_path/Frameworks";
				PRODUCT_BUNDLE_IDENTIFIER = Tec.fotosS4UITests;
				PRODUCT_NAME = "$(TARGET_NAME)";
				SWIFT_VERSION = 4.0;
				TARGETED_DEVICE_FAMILY = "1,2";
				TEST_TARGET_NAME = fotosS4;
			};
			name = Debug;
		};
		B3BE92E01FB244B100567D83 /* Release */ = {
			isa = XCBuildConfiguration;
			buildSettings = {
				ALWAYS_EMBED_SWIFT_STANDARD_LIBRARIES = YES;
				CODE_SIGN_STYLE = Automatic;
				DEVELOPMENT_TEAM = DAFU744LYN;
				INFOPLIST_FILE = fotosS4UITests/Info.plist;
				LD_RUNPATH_SEARCH_PATHS = "$(inherited) @executable_path/Frameworks @loader_path/Frameworks";
				PRODUCT_BUNDLE_IDENTIFIER = Tec.fotosS4UITests;
				PRODUCT_NAME = "$(TARGET_NAME)";
				SWIFT_VERSION = 4.0;
				TARGETED_DEVICE_FAMILY = "1,2";
				TEST_TARGET_NAME = fotosS4;
			};
			name = Release;
		};
/* End XCBuildConfiguration section */

/* Begin XCConfigurationList section */
		354B65571FBA4A7900F17F7C /* Build configuration list for PBXNativeTarget "FotosReloj Extension" */ = {
			isa = XCConfigurationList;
			buildConfigurations = (
				354B65551FBA4A7900F17F7C /* Debug */,
				354B65561FBA4A7900F17F7C /* Release */,
			);
			defaultConfigurationIsVisible = 0;
			defaultConfigurationName = Release;
		};
		354B65591FBA4A7900F17F7C /* Build configuration list for PBXNativeTarget "FotosReloj" */ = {
			isa = XCConfigurationList;
			buildConfigurations = (
				354B65531FBA4A7900F17F7C /* Debug */,
				354B65541FBA4A7900F17F7C /* Release */,
			);
			defaultConfigurationIsVisible = 0;
			defaultConfigurationName = Release;
		};
		B3BE92AB1FB244B100567D83 /* Build configuration list for PBXProject "fotosS4" */ = {
			isa = XCConfigurationList;
			buildConfigurations = (
				B3BE92D61FB244B100567D83 /* Debug */,
				B3BE92D71FB244B100567D83 /* Release */,
			);
			defaultConfigurationIsVisible = 0;
			defaultConfigurationName = Release;
		};
		B3BE92D81FB244B100567D83 /* Build configuration list for PBXNativeTarget "fotosS4" */ = {
			isa = XCConfigurationList;
			buildConfigurations = (
				B3BE92D91FB244B100567D83 /* Debug */,
				B3BE92DA1FB244B100567D83 /* Release */,
			);
			defaultConfigurationIsVisible = 0;
			defaultConfigurationName = Release;
		};
		B3BE92DB1FB244B100567D83 /* Build configuration list for PBXNativeTarget "fotosS4Tests" */ = {
			isa = XCConfigurationList;
			buildConfigurations = (
				B3BE92DC1FB244B100567D83 /* Debug */,
				B3BE92DD1FB244B100567D83 /* Release */,
			);
			defaultConfigurationIsVisible = 0;
			defaultConfigurationName = Release;
		};
		B3BE92DE1FB244B100567D83 /* Build configuration list for PBXNativeTarget "fotosS4UITests" */ = {
			isa = XCConfigurationList;
			buildConfigurations = (
				B3BE92DF1FB244B100567D83 /* Debug */,
				B3BE92E01FB244B100567D83 /* Release */,
			);
			defaultConfigurationIsVisible = 0;
			defaultConfigurationName = Release;
		};
/* End XCConfigurationList section */
	};
	rootObject = B3BE92A81FB244B100567D83 /* Project object */;
}
