
Microsoft Visual Studio Solution File, Format Version 11.00
# Visual Studio 2010
Project("{FAE04EC0-301F-11D3-BF4B-00C04F79EFBC}") = "Assembly-CSharp", "Assembly-CSharp.csproj", "{cd95ea82-a141-b0f8-9e77-0a073608c22d}"
EndProject
Global
	GlobalSection(SolutionConfigurationPlatforms) = preSolution
		Debug|Any CPU = Debug|Any CPU
		Release|Any CPU = Release|Any CPU
	EndGlobalSection
	GlobalSection(ProjectConfigurationPlatforms) = postSolution
		{cd95ea82-a141-b0f8-9e77-0a073608c22d}.Debug|Any CPU.ActiveCfg = Debug|Any CPU
		{cd95ea82-a141-b0f8-9e77-0a073608c22d}.Debug|Any CPU.Build.0 = Debug|Any CPU
		{cd95ea82-a141-b0f8-9e77-0a073608c22d}.Release|Any CPU.ActiveCfg = Release|Any CPU
		{cd95ea82-a141-b0f8-9e77-0a073608c22d}.Release|Any CPU.Build.0 = Release|Any CPU
	EndGlobalSection
	GlobalSection(SolutionProperties) = preSolution
		HideSolutionNode = FALSE
	EndGlobalSection
EndGlobal
