
Microsoft Visual Studio Solution File, Format Version 11.00
# Visual Studio 2010
Project("{FAE04EC0-301F-11D3-BF4B-00C04F79EFBC}") = "Assembly-CSharp", "Assembly-CSharp.csproj", "{7a28250c-816f-3b92-63a7-9fabf4da6aa4}"
EndProject
Project("{FAE04EC0-301F-11D3-BF4B-00C04F79EFBC}") = "Assembly-CSharp-Editor", "Assembly-CSharp-Editor.csproj", "{77607f81-be61-f930-0329-232a2577e01d}"
EndProject
Global
	GlobalSection(SolutionConfigurationPlatforms) = preSolution
		Debug|Any CPU = Debug|Any CPU
		Release|Any CPU = Release|Any CPU
	EndGlobalSection
	GlobalSection(ProjectConfigurationPlatforms) = postSolution
		{7a28250c-816f-3b92-63a7-9fabf4da6aa4}.Debug|Any CPU.ActiveCfg = Debug|Any CPU
		{7a28250c-816f-3b92-63a7-9fabf4da6aa4}.Debug|Any CPU.Build.0 = Debug|Any CPU
		{7a28250c-816f-3b92-63a7-9fabf4da6aa4}.Release|Any CPU.ActiveCfg = Release|Any CPU
		{7a28250c-816f-3b92-63a7-9fabf4da6aa4}.Release|Any CPU.Build.0 = Release|Any CPU
		{77607f81-be61-f930-0329-232a2577e01d}.Debug|Any CPU.ActiveCfg = Debug|Any CPU
		{77607f81-be61-f930-0329-232a2577e01d}.Debug|Any CPU.Build.0 = Debug|Any CPU
		{77607f81-be61-f930-0329-232a2577e01d}.Release|Any CPU.ActiveCfg = Release|Any CPU
		{77607f81-be61-f930-0329-232a2577e01d}.Release|Any CPU.Build.0 = Release|Any CPU
	EndGlobalSection
	GlobalSection(SolutionProperties) = preSolution
		HideSolutionNode = FALSE
	EndGlobalSection
EndGlobal
